// !$*UTF8*$!
{
	archiveVersion = 1;
	classes = {
	};
	objectVersion = 56;
	objects = {

/* Begin PBXBuildFile section */
		F90D729A28B8297900C7966B /* SessionUserDetails.swift in Sources */ = {isa = PBXBuildFile; fileRef = F90D729928B8297900C7966B /* SessionUserDetails.swift */; };
		F90D729D28B829DF00C7966B /* SessionService.swift in Sources */ = {isa = PBXBuildFile; fileRef = F90D729C28B829DF00C7966B /* SessionService.swift */; };
		F9174D4328B3F6DE00762717 /* ForgotPasswordView.swift in Sources */ = {isa = PBXBuildFile; fileRef = F9174D4228B3F6DE00762717 /* ForgotPasswordView.swift */; };
		F9174D4528B3F8DD00762717 /* RegisterView.swift in Sources */ = {isa = PBXBuildFile; fileRef = F9174D4428B3F8DD00762717 /* RegisterView.swift */; };
		F9174D4928B4075900762717 /* Button+Extension.swift in Sources */ = {isa = PBXBuildFile; fileRef = F9174D4828B4075900762717 /* Button+Extension.swift */; };
		F9174D4B28B40B3B00762717 /* RegisterViewModel.swift in Sources */ = {isa = PBXBuildFile; fileRef = F9174D4A28B40B3B00762717 /* RegisterViewModel.swift */; };
		F9174D4D28B40B4900762717 /* ForgotPasswordViewModel.swift in Sources */ = {isa = PBXBuildFile; fileRef = F9174D4C28B40B4900762717 /* ForgotPasswordViewModel.swift */; };
		F91FCBD628B2A3E700C0B07E /* PawsClubApp.swift in Sources */ = {isa = PBXBuildFile; fileRef = F91FCBD528B2A3E700C0B07E /* PawsClubApp.swift */; };
		F91FCBD828B2A3E700C0B07E /* ContentView.swift in Sources */ = {isa = PBXBuildFile; fileRef = F91FCBD728B2A3E700C0B07E /* ContentView.swift */; };
		F91FCBDA28B2A3E700C0B07E /* Assets.xcassets in Resources */ = {isa = PBXBuildFile; fileRef = F91FCBD928B2A3E700C0B07E /* Assets.xcassets */; };
		F91FCBDD28B2A3E700C0B07E /* Preview Assets.xcassets in Resources */ = {isa = PBXBuildFile; fileRef = F91FCBDC28B2A3E700C0B07E /* Preview Assets.xcassets */; };
		F91FCBE728B2A3E700C0B07E /* PawsClubTests.swift in Sources */ = {isa = PBXBuildFile; fileRef = F91FCBE628B2A3E700C0B07E /* PawsClubTests.swift */; };
		F91FCBF128B2A3E700C0B07E /* PawsClubUITests.swift in Sources */ = {isa = PBXBuildFile; fileRef = F91FCBF028B2A3E700C0B07E /* PawsClubUITests.swift */; };
		F91FCBF328B2A3E700C0B07E /* PawsClubUITestsLaunchTests.swift in Sources */ = {isa = PBXBuildFile; fileRef = F91FCBF228B2A3E700C0B07E /* PawsClubUITestsLaunchTests.swift */; };
		F91FCC0028B2A44400C0B07E /* GoogleService-Info.plist in Resources */ = {isa = PBXBuildFile; fileRef = F91FCBFF28B2A44400C0B07E /* GoogleService-Info.plist */; };
		F91FCC0628B2AE0A00C0B07E /* MainTabView.swift in Sources */ = {isa = PBXBuildFile; fileRef = F91FCC0528B2AE0A00C0B07E /* MainTabView.swift */; };
		F91FCC0828B2AE5400C0B07E /* TabRouter.swift in Sources */ = {isa = PBXBuildFile; fileRef = F91FCC0728B2AE5400C0B07E /* TabRouter.swift */; };
		F91FCC0D28B2AFBD00C0B07E /* HomeView.swift in Sources */ = {isa = PBXBuildFile; fileRef = F91FCC0C28B2AFBD00C0B07E /* HomeView.swift */; };
		F91FCC1228B2AFE000C0B07E /* ProfileView.swift in Sources */ = {isa = PBXBuildFile; fileRef = F91FCC1128B2AFE000C0B07E /* ProfileView.swift */; };
		F91FCC1728B2AFF900C0B07E /* FavoriteView.swift in Sources */ = {isa = PBXBuildFile; fileRef = F91FCC1628B2AFF900C0B07E /* FavoriteView.swift */; };
		F91FCC1D28B2B6DC00C0B07E /* Color+Extension.swift in Sources */ = {isa = PBXBuildFile; fileRef = F91FCC1C28B2B6DC00C0B07E /* Color+Extension.swift */; };
		F91FCC1F28B2B8F000C0B07E /* View+Extension.swift in Sources */ = {isa = PBXBuildFile; fileRef = F91FCC1E28B2B8F000C0B07E /* View+Extension.swift */; };
		F91FCC2328B2BA9800C0B07E /* HomeViewListCell.swift in Sources */ = {isa = PBXBuildFile; fileRef = F91FCC2228B2BA9800C0B07E /* HomeViewListCell.swift */; };
		F91FCC2628B2BCE300C0B07E /* LazyView.swift in Sources */ = {isa = PBXBuildFile; fileRef = F91FCC2528B2BCE300C0B07E /* LazyView.swift */; };
		F91FCC2928B2BE9F00C0B07E /* Kingfisher in Frameworks */ = {isa = PBXBuildFile; productRef = F91FCC2828B2BE9F00C0B07E /* Kingfisher */; };
		F91FCC3528B2CA1800C0B07E /* LoginView.swift in Sources */ = {isa = PBXBuildFile; fileRef = F91FCC3428B2CA1800C0B07E /* LoginView.swift */; };
		F91FCC3828B2CAA200C0B07E /* CustomTextField.swift in Sources */ = {isa = PBXBuildFile; fileRef = F91FCC3728B2CAA200C0B07E /* CustomTextField.swift */; };
		F91FCC3A28B2CDFA00C0B07E /* LoginViewModel.swift in Sources */ = {isa = PBXBuildFile; fileRef = F91FCC3928B2CDFA00C0B07E /* LoginViewModel.swift */; };
		F91FCC3D28B2CE6800C0B07E /* FirebaseAuth in Frameworks */ = {isa = PBXBuildFile; productRef = F91FCC3C28B2CE6800C0B07E /* FirebaseAuth */; };
		F91FCC3F28B2CE6800C0B07E /* FirebaseFirestore in Frameworks */ = {isa = PBXBuildFile; productRef = F91FCC3E28B2CE6800C0B07E /* FirebaseFirestore */; };
		F91FCC4128B2CE6800C0B07E /* FirebaseFirestoreSwift in Frameworks */ = {isa = PBXBuildFile; productRef = F91FCC4028B2CE6800C0B07E /* FirebaseFirestoreSwift */; };
		F91FCC4328B2CE6800C0B07E /* FirebaseStorage in Frameworks */ = {isa = PBXBuildFile; productRef = F91FCC4228B2CE6800C0B07E /* FirebaseStorage */; };
		F95345E828CCFE970080B83E /* FirebaseError.swift in Sources */ = {isa = PBXBuildFile; fileRef = F95345E728CCFE970080B83E /* FirebaseError.swift */; };
		F95779B928C53D8C0014DC33 /* LocationViewModel.swift in Sources */ = {isa = PBXBuildFile; fileRef = F95779B828C53D8C0014DC33 /* LocationViewModel.swift */; };
		F95779BB28C53E780014DC33 /* LocationView.swift in Sources */ = {isa = PBXBuildFile; fileRef = F95779BA28C53E780014DC33 /* LocationView.swift */; };
		F961270628C299F1004086DA /* PostAddView.swift in Sources */ = {isa = PBXBuildFile; fileRef = F961270528C299F1004086DA /* PostAddView.swift */; };
		F961270828C29FD8004086DA /* PostAddViewModel.swift in Sources */ = {isa = PBXBuildFile; fileRef = F961270728C29FD8004086DA /* PostAddViewModel.swift */; };
		F9A1858828C38A2A008F242C /* Breed.swift in Sources */ = {isa = PBXBuildFile; fileRef = F9A1858728C38A2A008F242C /* Breed.swift */; };
		F9A1858B28C38A54008F242C /* BreedService.swift in Sources */ = {isa = PBXBuildFile; fileRef = F9A1858A28C38A54008F242C /* BreedService.swift */; };
		F9A1858D28C3BCDD008F242C /* PickerData.swift in Sources */ = {isa = PBXBuildFile; fileRef = F9A1858C28C3BCDD008F242C /* PickerData.swift */; };
		F9C1AA6B28C13FE100FC74AC /* FirebaseConstants.swift in Sources */ = {isa = PBXBuildFile; fileRef = F9C1AA6A28C13FE100FC74AC /* FirebaseConstants.swift */; };
		F9C2FFE828BFF82B00331EF6 /* Post.swift in Sources */ = {isa = PBXBuildFile; fileRef = F9C2FFE728BFF82B00331EF6 /* Post.swift */; };
		F9C2FFEA28BFF83300331EF6 /* PostService.swift in Sources */ = {isa = PBXBuildFile; fileRef = F9C2FFE928BFF83300331EF6 /* PostService.swift */; };
		F9E245B328B8184E009420AE /* RegisterCredentials.swift in Sources */ = {isa = PBXBuildFile; fileRef = F9E245B228B8184E009420AE /* RegisterCredentials.swift */; };
		F9E245B628B818C3009420AE /* RegistrationService.swift in Sources */ = {isa = PBXBuildFile; fileRef = F9E245B528B818C3009420AE /* RegistrationService.swift */; };
		F9E996DE28C3E6C400D67478 /* PhotoPicker.swift in Sources */ = {isa = PBXBuildFile; fileRef = F9E996DD28C3E6C400D67478 /* PhotoPicker.swift */; };
		F9FAC30428BD27F4005FAF4F /* LoginCredentials.swift in Sources */ = {isa = PBXBuildFile; fileRef = F9FAC30328BD27F4005FAF4F /* LoginCredentials.swift */; };
		F9FAC30728BD2886005FAF4F /* LoginService.swift in Sources */ = {isa = PBXBuildFile; fileRef = F9FAC30628BD2886005FAF4F /* LoginService.swift */; };
		F9FAC30A28BD2DB7005FAF4F /* ForgotPasswordService.swift in Sources */ = {isa = PBXBuildFile; fileRef = F9FAC30928BD2DB7005FAF4F /* ForgotPasswordService.swift */; };
		F9FAC30C28BD408B005FAF4F /* SettingsView.swift in Sources */ = {isa = PBXBuildFile; fileRef = F9FAC30B28BD408B005FAF4F /* SettingsView.swift */; };
/* End PBXBuildFile section */

/* Begin PBXContainerItemProxy section */
		F91FCBE328B2A3E700C0B07E /* PBXContainerItemProxy */ = {
			isa = PBXContainerItemProxy;
			containerPortal = F91FCBCA28B2A3E600C0B07E /* Project object */;
			proxyType = 1;
			remoteGlobalIDString = F91FCBD128B2A3E700C0B07E;
			remoteInfo = PawsClub;
		};
		F91FCBED28B2A3E700C0B07E /* PBXContainerItemProxy */ = {
			isa = PBXContainerItemProxy;
			containerPortal = F91FCBCA28B2A3E600C0B07E /* Project object */;
			proxyType = 1;
			remoteGlobalIDString = F91FCBD128B2A3E700C0B07E;
			remoteInfo = PawsClub;
		};
/* End PBXContainerItemProxy section */

/* Begin PBXFileReference section */
		F90D729928B8297900C7966B /* SessionUserDetails.swift */ = {isa = PBXFileReference; lastKnownFileType = sourcecode.swift; path = SessionUserDetails.swift; sourceTree = "<group>"; };
		F90D729C28B829DF00C7966B /* SessionService.swift */ = {isa = PBXFileReference; lastKnownFileType = sourcecode.swift; path = SessionService.swift; sourceTree = "<group>"; };
		F9174D4228B3F6DE00762717 /* ForgotPasswordView.swift */ = {isa = PBXFileReference; lastKnownFileType = sourcecode.swift; path = ForgotPasswordView.swift; sourceTree = "<group>"; };
		F9174D4428B3F8DD00762717 /* RegisterView.swift */ = {isa = PBXFileReference; lastKnownFileType = sourcecode.swift; path = RegisterView.swift; sourceTree = "<group>"; };
		F9174D4828B4075900762717 /* Button+Extension.swift */ = {isa = PBXFileReference; lastKnownFileType = sourcecode.swift; path = "Button+Extension.swift"; sourceTree = "<group>"; };
		F9174D4A28B40B3B00762717 /* RegisterViewModel.swift */ = {isa = PBXFileReference; lastKnownFileType = sourcecode.swift; path = RegisterViewModel.swift; sourceTree = "<group>"; };
		F9174D4C28B40B4900762717 /* ForgotPasswordViewModel.swift */ = {isa = PBXFileReference; lastKnownFileType = sourcecode.swift; path = ForgotPasswordViewModel.swift; sourceTree = "<group>"; };
		F91FCBD228B2A3E700C0B07E /* PawsClub.app */ = {isa = PBXFileReference; explicitFileType = wrapper.application; includeInIndex = 0; path = PawsClub.app; sourceTree = BUILT_PRODUCTS_DIR; };
		F91FCBD528B2A3E700C0B07E /* PawsClubApp.swift */ = {isa = PBXFileReference; lastKnownFileType = sourcecode.swift; path = PawsClubApp.swift; sourceTree = "<group>"; };
		F91FCBD728B2A3E700C0B07E /* ContentView.swift */ = {isa = PBXFileReference; lastKnownFileType = sourcecode.swift; path = ContentView.swift; sourceTree = "<group>"; };
		F91FCBD928B2A3E700C0B07E /* Assets.xcassets */ = {isa = PBXFileReference; lastKnownFileType = folder.assetcatalog; path = Assets.xcassets; sourceTree = "<group>"; };
		F91FCBDC28B2A3E700C0B07E /* Preview Assets.xcassets */ = {isa = PBXFileReference; lastKnownFileType = folder.assetcatalog; path = "Preview Assets.xcassets"; sourceTree = "<group>"; };
		F91FCBE228B2A3E700C0B07E /* PawsClubTests.xctest */ = {isa = PBXFileReference; explicitFileType = wrapper.cfbundle; includeInIndex = 0; path = PawsClubTests.xctest; sourceTree = BUILT_PRODUCTS_DIR; };
		F91FCBE628B2A3E700C0B07E /* PawsClubTests.swift */ = {isa = PBXFileReference; lastKnownFileType = sourcecode.swift; path = PawsClubTests.swift; sourceTree = "<group>"; };
		F91FCBEC28B2A3E700C0B07E /* PawsClubUITests.xctest */ = {isa = PBXFileReference; explicitFileType = wrapper.cfbundle; includeInIndex = 0; path = PawsClubUITests.xctest; sourceTree = BUILT_PRODUCTS_DIR; };
		F91FCBF028B2A3E700C0B07E /* PawsClubUITests.swift */ = {isa = PBXFileReference; lastKnownFileType = sourcecode.swift; path = PawsClubUITests.swift; sourceTree = "<group>"; };
		F91FCBF228B2A3E700C0B07E /* PawsClubUITestsLaunchTests.swift */ = {isa = PBXFileReference; lastKnownFileType = sourcecode.swift; path = PawsClubUITestsLaunchTests.swift; sourceTree = "<group>"; };
		F91FCBFF28B2A44400C0B07E /* GoogleService-Info.plist */ = {isa = PBXFileReference; fileEncoding = 4; lastKnownFileType = text.plist.xml; path = "GoogleService-Info.plist"; sourceTree = "<group>"; };
		F91FCC0528B2AE0A00C0B07E /* MainTabView.swift */ = {isa = PBXFileReference; lastKnownFileType = sourcecode.swift; path = MainTabView.swift; sourceTree = "<group>"; };
		F91FCC0728B2AE5400C0B07E /* TabRouter.swift */ = {isa = PBXFileReference; lastKnownFileType = sourcecode.swift; path = TabRouter.swift; sourceTree = "<group>"; };
		F91FCC0C28B2AFBD00C0B07E /* HomeView.swift */ = {isa = PBXFileReference; lastKnownFileType = sourcecode.swift; path = HomeView.swift; sourceTree = "<group>"; };
		F91FCC1128B2AFE000C0B07E /* ProfileView.swift */ = {isa = PBXFileReference; lastKnownFileType = sourcecode.swift; path = ProfileView.swift; sourceTree = "<group>"; };
		F91FCC1628B2AFF900C0B07E /* FavoriteView.swift */ = {isa = PBXFileReference; lastKnownFileType = sourcecode.swift; path = FavoriteView.swift; sourceTree = "<group>"; };
		F91FCC1C28B2B6DC00C0B07E /* Color+Extension.swift */ = {isa = PBXFileReference; lastKnownFileType = sourcecode.swift; path = "Color+Extension.swift"; sourceTree = "<group>"; };
		F91FCC1E28B2B8F000C0B07E /* View+Extension.swift */ = {isa = PBXFileReference; lastKnownFileType = sourcecode.swift; path = "View+Extension.swift"; sourceTree = "<group>"; };
		F91FCC2228B2BA9800C0B07E /* HomeViewListCell.swift */ = {isa = PBXFileReference; lastKnownFileType = sourcecode.swift; path = HomeViewListCell.swift; sourceTree = "<group>"; };
		F91FCC2528B2BCE300C0B07E /* LazyView.swift */ = {isa = PBXFileReference; lastKnownFileType = sourcecode.swift; path = LazyView.swift; sourceTree = "<group>"; };
		F91FCC3428B2CA1800C0B07E /* LoginView.swift */ = {isa = PBXFileReference; lastKnownFileType = sourcecode.swift; path = LoginView.swift; sourceTree = "<group>"; };
		F91FCC3728B2CAA200C0B07E /* CustomTextField.swift */ = {isa = PBXFileReference; lastKnownFileType = sourcecode.swift; path = CustomTextField.swift; sourceTree = "<group>"; };
		F91FCC3928B2CDFA00C0B07E /* LoginViewModel.swift */ = {isa = PBXFileReference; lastKnownFileType = sourcecode.swift; path = LoginViewModel.swift; sourceTree = "<group>"; };
		F95345E728CCFE970080B83E /* FirebaseError.swift */ = {isa = PBXFileReference; lastKnownFileType = sourcecode.swift; path = FirebaseError.swift; sourceTree = "<group>"; };
		F95779B828C53D8C0014DC33 /* LocationViewModel.swift */ = {isa = PBXFileReference; lastKnownFileType = sourcecode.swift; path = LocationViewModel.swift; sourceTree = "<group>"; };
		F95779BA28C53E780014DC33 /* LocationView.swift */ = {isa = PBXFileReference; lastKnownFileType = sourcecode.swift; path = LocationView.swift; sourceTree = "<group>"; };
		F961270528C299F1004086DA /* PostAddView.swift */ = {isa = PBXFileReference; lastKnownFileType = sourcecode.swift; path = PostAddView.swift; sourceTree = "<group>"; };
		F961270728C29FD8004086DA /* PostAddViewModel.swift */ = {isa = PBXFileReference; lastKnownFileType = sourcecode.swift; path = PostAddViewModel.swift; sourceTree = "<group>"; };
		F9A1858728C38A2A008F242C /* Breed.swift */ = {isa = PBXFileReference; lastKnownFileType = sourcecode.swift; path = Breed.swift; sourceTree = "<group>"; };
		F9A1858A28C38A54008F242C /* BreedService.swift */ = {isa = PBXFileReference; lastKnownFileType = sourcecode.swift; path = BreedService.swift; sourceTree = "<group>"; };
		F9A1858C28C3BCDD008F242C /* PickerData.swift */ = {isa = PBXFileReference; lastKnownFileType = sourcecode.swift; path = PickerData.swift; sourceTree = "<group>"; };
		F9C1AA6A28C13FE100FC74AC /* FirebaseConstants.swift */ = {isa = PBXFileReference; lastKnownFileType = sourcecode.swift; path = FirebaseConstants.swift; sourceTree = "<group>"; };
		F9C2FFE728BFF82B00331EF6 /* Post.swift */ = {isa = PBXFileReference; lastKnownFileType = sourcecode.swift; path = Post.swift; sourceTree = "<group>"; };
		F9C2FFE928BFF83300331EF6 /* PostService.swift */ = {isa = PBXFileReference; lastKnownFileType = sourcecode.swift; path = PostService.swift; sourceTree = "<group>"; };
		F9CCEB0528B6A78E004EFC44 /* PawsClub.entitlements */ = {isa = PBXFileReference; lastKnownFileType = text.plist.entitlements; path = PawsClub.entitlements; sourceTree = "<group>"; };
		F9E245B228B8184E009420AE /* RegisterCredentials.swift */ = {isa = PBXFileReference; lastKnownFileType = sourcecode.swift; path = RegisterCredentials.swift; sourceTree = "<group>"; };
		F9E245B528B818C3009420AE /* RegistrationService.swift */ = {isa = PBXFileReference; lastKnownFileType = sourcecode.swift; path = RegistrationService.swift; sourceTree = "<group>"; };
		F9E996DD28C3E6C400D67478 /* PhotoPicker.swift */ = {isa = PBXFileReference; lastKnownFileType = sourcecode.swift; path = PhotoPicker.swift; sourceTree = "<group>"; };
		F9FAC30328BD27F4005FAF4F /* LoginCredentials.swift */ = {isa = PBXFileReference; lastKnownFileType = sourcecode.swift; path = LoginCredentials.swift; sourceTree = "<group>"; };
		F9FAC30628BD2886005FAF4F /* LoginService.swift */ = {isa = PBXFileReference; lastKnownFileType = sourcecode.swift; path = LoginService.swift; sourceTree = "<group>"; };
		F9FAC30928BD2DB7005FAF4F /* ForgotPasswordService.swift */ = {isa = PBXFileReference; lastKnownFileType = sourcecode.swift; path = ForgotPasswordService.swift; sourceTree = "<group>"; };
		F9FAC30B28BD408B005FAF4F /* SettingsView.swift */ = {isa = PBXFileReference; lastKnownFileType = sourcecode.swift; path = SettingsView.swift; sourceTree = "<group>"; };
/* End PBXFileReference section */

/* Begin PBXFrameworksBuildPhase section */
		F91FCBCF28B2A3E700C0B07E /* Frameworks */ = {
			isa = PBXFrameworksBuildPhase;
			buildActionMask = 2147483647;
			files = (
				F91FCC2928B2BE9F00C0B07E /* Kingfisher in Frameworks */,
				F91FCC3D28B2CE6800C0B07E /* FirebaseAuth in Frameworks */,
				F91FCC3F28B2CE6800C0B07E /* FirebaseFirestore in Frameworks */,
				F91FCC4328B2CE6800C0B07E /* FirebaseStorage in Frameworks */,
				F91FCC4128B2CE6800C0B07E /* FirebaseFirestoreSwift in Frameworks */,
			);
			runOnlyForDeploymentPostprocessing = 0;
		};
		F91FCBDF28B2A3E700C0B07E /* Frameworks */ = {
			isa = PBXFrameworksBuildPhase;
			buildActionMask = 2147483647;
			files = (
			);
			runOnlyForDeploymentPostprocessing = 0;
		};
		F91FCBE928B2A3E700C0B07E /* Frameworks */ = {
			isa = PBXFrameworksBuildPhase;
			buildActionMask = 2147483647;
			files = (
			);
			runOnlyForDeploymentPostprocessing = 0;
		};
/* End PBXFrameworksBuildPhase section */

/* Begin PBXGroup section */
		F90D729728B8295F00C7966B /* Session */ = {
			isa = PBXGroup;
			children = (
				F90D729B28B829CF00C7966B /* Services */,
				F90D729828B8296600C7966B /* Model */,
			);
			path = Session;
			sourceTree = "<group>";
		};
		F90D729828B8296600C7966B /* Model */ = {
			isa = PBXGroup;
			children = (
				F90D729928B8297900C7966B /* SessionUserDetails.swift */,
			);
			path = Model;
			sourceTree = "<group>";
		};
		F90D729B28B829CF00C7966B /* Services */ = {
			isa = PBXGroup;
			children = (
				F90D729C28B829DF00C7966B /* SessionService.swift */,
			);
			path = Services;
			sourceTree = "<group>";
		};
		F91FCBC928B2A3E600C0B07E = {
			isa = PBXGroup;
			children = (
				F91FCBD428B2A3E700C0B07E /* PawsClub */,
				F91FCBE528B2A3E700C0B07E /* PawsClubTests */,
				F91FCBEF28B2A3E700C0B07E /* PawsClubUITests */,
				F91FCBD328B2A3E700C0B07E /* Products */,
			);
			sourceTree = "<group>";
		};
		F91FCBD328B2A3E700C0B07E /* Products */ = {
			isa = PBXGroup;
			children = (
				F91FCBD228B2A3E700C0B07E /* PawsClub.app */,
				F91FCBE228B2A3E700C0B07E /* PawsClubTests.xctest */,
				F91FCBEC28B2A3E700C0B07E /* PawsClubUITests.xctest */,
			);
			name = Products;
			sourceTree = "<group>";
		};
		F91FCBD428B2A3E700C0B07E /* PawsClub */ = {
			isa = PBXGroup;
			children = (
				F9CCEB0528B6A78E004EFC44 /* PawsClub.entitlements */,
				F91FCC0328B2A48600C0B07E /* Application */,
				F91FCC0128B2A47F00C0B07E /* Core */,
				F91FCC1A28B2B59300C0B07E /* Utilities */,
				F91FCBD928B2A3E700C0B07E /* Assets.xcassets */,
				F91FCBFF28B2A44400C0B07E /* GoogleService-Info.plist */,
				F91FCBDB28B2A3E700C0B07E /* Preview Content */,
			);
			path = PawsClub;
			sourceTree = "<group>";
		};
		F91FCBDB28B2A3E700C0B07E /* Preview Content */ = {
			isa = PBXGroup;
			children = (
				F91FCBDC28B2A3E700C0B07E /* Preview Assets.xcassets */,
			);
			path = "Preview Content";
			sourceTree = "<group>";
		};
		F91FCBE528B2A3E700C0B07E /* PawsClubTests */ = {
			isa = PBXGroup;
			children = (
				F91FCBE628B2A3E700C0B07E /* PawsClubTests.swift */,
			);
			path = PawsClubTests;
			sourceTree = "<group>";
		};
		F91FCBEF28B2A3E700C0B07E /* PawsClubUITests */ = {
			isa = PBXGroup;
			children = (
				F91FCBF028B2A3E700C0B07E /* PawsClubUITests.swift */,
				F91FCBF228B2A3E700C0B07E /* PawsClubUITestsLaunchTests.swift */,
			);
			path = PawsClubUITests;
			sourceTree = "<group>";
		};
		F91FCC0128B2A47F00C0B07E /* Core */ = {
			isa = PBXGroup;
			children = (
				F9A1858528C38A0C008F242C /* Breed */,
				F91FCC2A28B2C9BF00C0B07E /* Authentication */,
				F91FCC0428B2ADEA00C0B07E /* Main */,
				F91FCC0928B2AFA100C0B07E /* Home */,
				F91FCC1328B2AFE500C0B07E /* Favorite */,
				F91FCC0E28B2AFCE00C0B07E /* Profile */,
				F9C2FFE428BFF7EB00331EF6 /* Post */,
			);
			path = Core;
			sourceTree = "<group>";
		};
		F91FCC0328B2A48600C0B07E /* Application */ = {
			isa = PBXGroup;
			children = (
				F91FCBD528B2A3E700C0B07E /* PawsClubApp.swift */,
				F91FCBD728B2A3E700C0B07E /* ContentView.swift */,
			);
			path = Application;
			sourceTree = "<group>";
		};
		F91FCC0428B2ADEA00C0B07E /* Main */ = {
			isa = PBXGroup;
			children = (
				F91FCC0528B2AE0A00C0B07E /* MainTabView.swift */,
				F91FCC0728B2AE5400C0B07E /* TabRouter.swift */,
			);
			path = Main;
			sourceTree = "<group>";
		};
		F91FCC0928B2AFA100C0B07E /* Home */ = {
			isa = PBXGroup;
			children = (
				F9C2FFDF28BFF59800331EF6 /* Services */,
				F9C2FFE028BFF59D00331EF6 /* Model */,
				F91FCC0B28B2AFA900C0B07E /* ViewModel */,
				F91FCC0A28B2AFA600C0B07E /* View */,
			);
			path = Home;
			sourceTree = "<group>";
		};
		F91FCC0A28B2AFA600C0B07E /* View */ = {
			isa = PBXGroup;
			children = (
				F91FCC0C28B2AFBD00C0B07E /* HomeView.swift */,
				F91FCC2228B2BA9800C0B07E /* HomeViewListCell.swift */,
			);
			path = View;
			sourceTree = "<group>";
		};
		F91FCC0B28B2AFA900C0B07E /* ViewModel */ = {
			isa = PBXGroup;
			children = (
			);
			path = ViewModel;
			sourceTree = "<group>";
		};
		F91FCC0E28B2AFCE00C0B07E /* Profile */ = {
			isa = PBXGroup;
			children = (
				F91FCC1028B2AFD400C0B07E /* ViewModel */,
				F91FCC0F28B2AFD200C0B07E /* View */,
			);
			path = Profile;
			sourceTree = "<group>";
		};
		F91FCC0F28B2AFD200C0B07E /* View */ = {
			isa = PBXGroup;
			children = (
				F91FCC1128B2AFE000C0B07E /* ProfileView.swift */,
				F9FAC30B28BD408B005FAF4F /* SettingsView.swift */,
			);
			path = View;
			sourceTree = "<group>";
		};
		F91FCC1028B2AFD400C0B07E /* ViewModel */ = {
			isa = PBXGroup;
			children = (
			);
			path = ViewModel;
			sourceTree = "<group>";
		};
		F91FCC1328B2AFE500C0B07E /* Favorite */ = {
			isa = PBXGroup;
			children = (
				F91FCC1528B2AFEF00C0B07E /* ViewModel */,
				F91FCC1428B2AFEA00C0B07E /* View */,
			);
			path = Favorite;
			sourceTree = "<group>";
		};
		F91FCC1428B2AFEA00C0B07E /* View */ = {
			isa = PBXGroup;
			children = (
				F91FCC1628B2AFF900C0B07E /* FavoriteView.swift */,
			);
			path = View;
			sourceTree = "<group>";
		};
		F91FCC1528B2AFEF00C0B07E /* ViewModel */ = {
			isa = PBXGroup;
			children = (
			);
			path = ViewModel;
			sourceTree = "<group>";
		};
		F91FCC1A28B2B59300C0B07E /* Utilities */ = {
			isa = PBXGroup;
			children = (
				F9C1AA6928C13FD400FC74AC /* Constants */,
				F91FCC3628B2CA9400C0B07E /* ReusableViews */,
				F91FCC2428B2BCC300C0B07E /* Helpers */,
				F91FCC1B28B2B6C200C0B07E /* Extensions */,
				F95345E728CCFE970080B83E /* FirebaseError.swift */,
			);
			path = Utilities;
			sourceTree = "<group>";
		};
		F91FCC1B28B2B6C200C0B07E /* Extensions */ = {
			isa = PBXGroup;
			children = (
				F91FCC1C28B2B6DC00C0B07E /* Color+Extension.swift */,
				F91FCC1E28B2B8F000C0B07E /* View+Extension.swift */,
				F9174D4828B4075900762717 /* Button+Extension.swift */,
			);
			path = Extensions;
			sourceTree = "<group>";
		};
		F91FCC2428B2BCC300C0B07E /* Helpers */ = {
			isa = PBXGroup;
			children = (
				F91FCC2528B2BCE300C0B07E /* LazyView.swift */,
				F9E996DD28C3E6C400D67478 /* PhotoPicker.swift */,
			);
			path = Helpers;
			sourceTree = "<group>";
		};
		F91FCC2A28B2C9BF00C0B07E /* Authentication */ = {
			isa = PBXGroup;
			children = (
				F90D729728B8295F00C7966B /* Session */,
				F91FCC2B28B2C9CB00C0B07E /* Login */,
				F91FCC2C28B2C9CF00C0B07E /* Register */,
				F91FCC2D28B2C9D400C0B07E /* ForgotPassword */,
			);
			path = Authentication;
			sourceTree = "<group>";
		};
		F91FCC2B28B2C9CB00C0B07E /* Login */ = {
			isa = PBXGroup;
			children = (
				F9FAC30528BD287B005FAF4F /* Services */,
				F9E245B028B8181C009420AE /* Model */,
				F91FCC2F28B2C9F000C0B07E /* ViewModel */,
				F91FCC2E28B2C9EB00C0B07E /* View */,
			);
			path = Login;
			sourceTree = "<group>";
		};
		F91FCC2C28B2C9CF00C0B07E /* Register */ = {
			isa = PBXGroup;
			children = (
				F9E245B428B818B5009420AE /* Services */,
				F9E245B128B81840009420AE /* Model */,
				F91FCC3128B2C9F800C0B07E /* ViewModel */,
				F91FCC3028B2C9F400C0B07E /* View */,
			);
			path = Register;
			sourceTree = "<group>";
		};
		F91FCC2D28B2C9D400C0B07E /* ForgotPassword */ = {
			isa = PBXGroup;
			children = (
				F9FAC30828BD2D9B005FAF4F /* Services */,
				F91FCC3328B2CA0600C0B07E /* ViewModel */,
				F91FCC3228B2CA0300C0B07E /* View */,
			);
			path = ForgotPassword;
			sourceTree = "<group>";
		};
		F91FCC2E28B2C9EB00C0B07E /* View */ = {
			isa = PBXGroup;
			children = (
				F91FCC3428B2CA1800C0B07E /* LoginView.swift */,
			);
			path = View;
			sourceTree = "<group>";
		};
		F91FCC2F28B2C9F000C0B07E /* ViewModel */ = {
			isa = PBXGroup;
			children = (
				F91FCC3928B2CDFA00C0B07E /* LoginViewModel.swift */,
			);
			path = ViewModel;
			sourceTree = "<group>";
		};
		F91FCC3028B2C9F400C0B07E /* View */ = {
			isa = PBXGroup;
			children = (
				F9174D4428B3F8DD00762717 /* RegisterView.swift */,
			);
			path = View;
			sourceTree = "<group>";
		};
		F91FCC3128B2C9F800C0B07E /* ViewModel */ = {
			isa = PBXGroup;
			children = (
				F9174D4A28B40B3B00762717 /* RegisterViewModel.swift */,
			);
			path = ViewModel;
			sourceTree = "<group>";
		};
		F91FCC3228B2CA0300C0B07E /* View */ = {
			isa = PBXGroup;
			children = (
				F9174D4228B3F6DE00762717 /* ForgotPasswordView.swift */,
			);
			path = View;
			sourceTree = "<group>";
		};
		F91FCC3328B2CA0600C0B07E /* ViewModel */ = {
			isa = PBXGroup;
			children = (
				F9174D4C28B40B4900762717 /* ForgotPasswordViewModel.swift */,
			);
			path = ViewModel;
			sourceTree = "<group>";
		};
		F91FCC3628B2CA9400C0B07E /* ReusableViews */ = {
			isa = PBXGroup;
			children = (
				F91FCC3728B2CAA200C0B07E /* CustomTextField.swift */,
			);
			path = ReusableViews;
			sourceTree = "<group>";
		};
		F961270328C299D3004086DA /* View */ = {
			isa = PBXGroup;
			children = (
				F961270528C299F1004086DA /* PostAddView.swift */,
				F95779BA28C53E780014DC33 /* LocationView.swift */,
			);
			path = View;
			sourceTree = "<group>";
		};
		F961270428C299D7004086DA /* ViewModel */ = {
			isa = PBXGroup;
			children = (
				F961270728C29FD8004086DA /* PostAddViewModel.swift */,
				F95779B828C53D8C0014DC33 /* LocationViewModel.swift */,
			);
			path = ViewModel;
			sourceTree = "<group>";
		};
		F9A1858528C38A0C008F242C /* Breed */ = {
			isa = PBXGroup;
			children = (
				F9A1858928C38A40008F242C /* Service */,
				F9A1858628C38A15008F242C /* Model */,
			);
			path = Breed;
			sourceTree = "<group>";
		};
		F9A1858628C38A15008F242C /* Model */ = {
			isa = PBXGroup;
			children = (
				F9A1858728C38A2A008F242C /* Breed.swift */,
			);
			path = Model;
			sourceTree = "<group>";
		};
		F9A1858928C38A40008F242C /* Service */ = {
			isa = PBXGroup;
			children = (
				F9A1858A28C38A54008F242C /* BreedService.swift */,
			);
			path = Service;
			sourceTree = "<group>";
		};
		F9C1AA6928C13FD400FC74AC /* Constants */ = {
			isa = PBXGroup;
			children = (
				F9C1AA6A28C13FE100FC74AC /* FirebaseConstants.swift */,
				F9A1858C28C3BCDD008F242C /* PickerData.swift */,
			);
			path = Constants;
			sourceTree = "<group>";
		};
		F9C2FFDF28BFF59800331EF6 /* Services */ = {
			isa = PBXGroup;
			children = (
			);
			path = Services;
			sourceTree = "<group>";
		};
		F9C2FFE028BFF59D00331EF6 /* Model */ = {
			isa = PBXGroup;
			children = (
			);
			path = Model;
			sourceTree = "<group>";
		};
		F9C2FFE428BFF7EB00331EF6 /* Post */ = {
			isa = PBXGroup;
			children = (
				F9C2FFE628BFF80F00331EF6 /* Services */,
				F9C2FFE528BFF80400331EF6 /* Model */,
				F961270428C299D7004086DA /* ViewModel */,
				F961270328C299D3004086DA /* View */,
			);
			path = Post;
			sourceTree = "<group>";
		};
		F9C2FFE528BFF80400331EF6 /* Model */ = {
			isa = PBXGroup;
			children = (
				F9C2FFE728BFF82B00331EF6 /* Post.swift */,
			);
			path = Model;
			sourceTree = "<group>";
		};
		F9C2FFE628BFF80F00331EF6 /* Services */ = {
			isa = PBXGroup;
			children = (
				F9C2FFE928BFF83300331EF6 /* PostService.swift */,
			);
			path = Services;
			sourceTree = "<group>";
		};
		F9E245B028B8181C009420AE /* Model */ = {
			isa = PBXGroup;
			children = (
				F9FAC30328BD27F4005FAF4F /* LoginCredentials.swift */,
			);
			path = Model;
			sourceTree = "<group>";
		};
		F9E245B128B81840009420AE /* Model */ = {
			isa = PBXGroup;
			children = (
				F9E245B228B8184E009420AE /* RegisterCredentials.swift */,
			);
			path = Model;
			sourceTree = "<group>";
		};
		F9E245B428B818B5009420AE /* Services */ = {
			isa = PBXGroup;
			children = (
				F9E245B528B818C3009420AE /* RegistrationService.swift */,
			);
			path = Services;
			sourceTree = "<group>";
		};
		F9FAC30528BD287B005FAF4F /* Services */ = {
			isa = PBXGroup;
			children = (
				F9FAC30628BD2886005FAF4F /* LoginService.swift */,
			);
			path = Services;
			sourceTree = "<group>";
		};
		F9FAC30828BD2D9B005FAF4F /* Services */ = {
			isa = PBXGroup;
			children = (
				F9FAC30928BD2DB7005FAF4F /* ForgotPasswordService.swift */,
			);
			path = Services;
			sourceTree = "<group>";
		};
/* End PBXGroup section */

/* Begin PBXNativeTarget section */
		F91FCBD128B2A3E700C0B07E /* PawsClub */ = {
			isa = PBXNativeTarget;
			buildConfigurationList = F91FCBF628B2A3E700C0B07E /* Build configuration list for PBXNativeTarget "PawsClub" */;
			buildPhases = (
				F91FCBCE28B2A3E700C0B07E /* Sources */,
				F91FCBCF28B2A3E700C0B07E /* Frameworks */,
				F91FCBD028B2A3E700C0B07E /* Resources */,
			);
			buildRules = (
			);
			dependencies = (
			);
			name = PawsClub;
			packageProductDependencies = (
				F91FCC2828B2BE9F00C0B07E /* Kingfisher */,
				F91FCC3C28B2CE6800C0B07E /* FirebaseAuth */,
				F91FCC3E28B2CE6800C0B07E /* FirebaseFirestore */,
				F91FCC4028B2CE6800C0B07E /* FirebaseFirestoreSwift */,
				F91FCC4228B2CE6800C0B07E /* FirebaseStorage */,
			);
			productName = PawsClub;
			productReference = F91FCBD228B2A3E700C0B07E /* PawsClub.app */;
			productType = "com.apple.product-type.application";
		};
		F91FCBE128B2A3E700C0B07E /* PawsClubTests */ = {
			isa = PBXNativeTarget;
			buildConfigurationList = F91FCBF928B2A3E700C0B07E /* Build configuration list for PBXNativeTarget "PawsClubTests" */;
			buildPhases = (
				F91FCBDE28B2A3E700C0B07E /* Sources */,
				F91FCBDF28B2A3E700C0B07E /* Frameworks */,
				F91FCBE028B2A3E700C0B07E /* Resources */,
			);
			buildRules = (
			);
			dependencies = (
				F91FCBE428B2A3E700C0B07E /* PBXTargetDependency */,
			);
			name = PawsClubTests;
			productName = PawsClubTests;
			productReference = F91FCBE228B2A3E700C0B07E /* PawsClubTests.xctest */;
			productType = "com.apple.product-type.bundle.unit-test";
		};
		F91FCBEB28B2A3E700C0B07E /* PawsClubUITests */ = {
			isa = PBXNativeTarget;
			buildConfigurationList = F91FCBFC28B2A3E700C0B07E /* Build configuration list for PBXNativeTarget "PawsClubUITests" */;
			buildPhases = (
				F91FCBE828B2A3E700C0B07E /* Sources */,
				F91FCBE928B2A3E700C0B07E /* Frameworks */,
				F91FCBEA28B2A3E700C0B07E /* Resources */,
			);
			buildRules = (
			);
			dependencies = (
				F91FCBEE28B2A3E700C0B07E /* PBXTargetDependency */,
			);
			name = PawsClubUITests;
			productName = PawsClubUITests;
			productReference = F91FCBEC28B2A3E700C0B07E /* PawsClubUITests.xctest */;
			productType = "com.apple.product-type.bundle.ui-testing";
		};
/* End PBXNativeTarget section */

/* Begin PBXProject section */
		F91FCBCA28B2A3E600C0B07E /* Project object */ = {
			isa = PBXProject;
			attributes = {
				BuildIndependentTargetsInParallel = 1;
				LastSwiftUpdateCheck = 1400;
				LastUpgradeCheck = 1400;
				TargetAttributes = {
					F91FCBD128B2A3E700C0B07E = {
						CreatedOnToolsVersion = 14.0;
					};
					F91FCBE128B2A3E700C0B07E = {
						CreatedOnToolsVersion = 14.0;
						TestTargetID = F91FCBD128B2A3E700C0B07E;
					};
					F91FCBEB28B2A3E700C0B07E = {
						CreatedOnToolsVersion = 14.0;
						TestTargetID = F91FCBD128B2A3E700C0B07E;
					};
				};
			};
			buildConfigurationList = F91FCBCD28B2A3E600C0B07E /* Build configuration list for PBXProject "PawsClub" */;
			compatibilityVersion = "Xcode 14.0";
			developmentRegion = en;
			hasScannedForEncodings = 0;
			knownRegions = (
				en,
				Base,
			);
			mainGroup = F91FCBC928B2A3E600C0B07E;
			packageReferences = (
				F91FCC2728B2BE9F00C0B07E /* XCRemoteSwiftPackageReference "Kingfisher" */,
				F91FCC3B28B2CE6800C0B07E /* XCRemoteSwiftPackageReference "firebase-ios-sdk" */,
			);
			productRefGroup = F91FCBD328B2A3E700C0B07E /* Products */;
			projectDirPath = "";
			projectRoot = "";
			targets = (
				F91FCBD128B2A3E700C0B07E /* PawsClub */,
				F91FCBE128B2A3E700C0B07E /* PawsClubTests */,
				F91FCBEB28B2A3E700C0B07E /* PawsClubUITests */,
			);
		};
/* End PBXProject section */

/* Begin PBXResourcesBuildPhase section */
		F91FCBD028B2A3E700C0B07E /* Resources */ = {
			isa = PBXResourcesBuildPhase;
			buildActionMask = 2147483647;
			files = (
				F91FCBDD28B2A3E700C0B07E /* Preview Assets.xcassets in Resources */,
				F91FCBDA28B2A3E700C0B07E /* Assets.xcassets in Resources */,
				F91FCC0028B2A44400C0B07E /* GoogleService-Info.plist in Resources */,
			);
			runOnlyForDeploymentPostprocessing = 0;
		};
		F91FCBE028B2A3E700C0B07E /* Resources */ = {
			isa = PBXResourcesBuildPhase;
			buildActionMask = 2147483647;
			files = (
			);
			runOnlyForDeploymentPostprocessing = 0;
		};
		F91FCBEA28B2A3E700C0B07E /* Resources */ = {
			isa = PBXResourcesBuildPhase;
			buildActionMask = 2147483647;
			files = (
			);
			runOnlyForDeploymentPostprocessing = 0;
		};
/* End PBXResourcesBuildPhase section */

/* Begin PBXSourcesBuildPhase section */
		F91FCBCE28B2A3E700C0B07E /* Sources */ = {
			isa = PBXSourcesBuildPhase;
			buildActionMask = 2147483647;
			files = (
				F95345E828CCFE970080B83E /* FirebaseError.swift in Sources */,
				F9FAC30428BD27F4005FAF4F /* LoginCredentials.swift in Sources */,
				F91FCC3828B2CAA200C0B07E /* CustomTextField.swift in Sources */,
				F91FCBD828B2A3E700C0B07E /* ContentView.swift in Sources */,
				F91FCBD628B2A3E700C0B07E /* PawsClubApp.swift in Sources */,
				F90D729D28B829DF00C7966B /* SessionService.swift in Sources */,
				F9E245B328B8184E009420AE /* RegisterCredentials.swift in Sources */,
				F91FCC1728B2AFF900C0B07E /* FavoriteView.swift in Sources */,
				F91FCC0828B2AE5400C0B07E /* TabRouter.swift in Sources */,
				F9C1AA6B28C13FE100FC74AC /* FirebaseConstants.swift in Sources */,
				F91FCC0D28B2AFBD00C0B07E /* HomeView.swift in Sources */,
				F91FCC3A28B2CDFA00C0B07E /* LoginViewModel.swift in Sources */,
				F9A1858D28C3BCDD008F242C /* PickerData.swift in Sources */,
				F9174D4B28B40B3B00762717 /* RegisterViewModel.swift in Sources */,
				F961270828C29FD8004086DA /* PostAddViewModel.swift in Sources */,
				F9FAC30A28BD2DB7005FAF4F /* ForgotPasswordService.swift in Sources */,
				F95779BB28C53E780014DC33 /* LocationView.swift in Sources */,
				F91FCC1228B2AFE000C0B07E /* ProfileView.swift in Sources */,
				F9E245B628B818C3009420AE /* RegistrationService.swift in Sources */,
				F91FCC3528B2CA1800C0B07E /* LoginView.swift in Sources */,
				F91FCC0628B2AE0A00C0B07E /* MainTabView.swift in Sources */,
				F91FCC2628B2BCE300C0B07E /* LazyView.swift in Sources */,
				F95779B928C53D8C0014DC33 /* LocationViewModel.swift in Sources */,
				F9E996DE28C3E6C400D67478 /* PhotoPicker.swift in Sources */,
				F90D729A28B8297900C7966B /* SessionUserDetails.swift in Sources */,
				F9174D4928B4075900762717 /* Button+Extension.swift in Sources */,
				F9A1858828C38A2A008F242C /* Breed.swift in Sources */,
				F9C2FFE828BFF82B00331EF6 /* Post.swift in Sources */,
				F9C2FFEA28BFF83300331EF6 /* PostService.swift in Sources */,
				F91FCC1F28B2B8F000C0B07E /* View+Extension.swift in Sources */,
				F91FCC1D28B2B6DC00C0B07E /* Color+Extension.swift in Sources */,
				F9FAC30C28BD408B005FAF4F /* SettingsView.swift in Sources */,
				F9174D4528B3F8DD00762717 /* RegisterView.swift in Sources */,
				F9174D4328B3F6DE00762717 /* ForgotPasswordView.swift in Sources */,
				F961270628C299F1004086DA /* PostAddView.swift in Sources */,
				F9FAC30728BD2886005FAF4F /* LoginService.swift in Sources */,
				F9174D4D28B40B4900762717 /* ForgotPasswordViewModel.swift in Sources */,
				F9A1858B28C38A54008F242C /* BreedService.swift in Sources */,
				F91FCC2328B2BA9800C0B07E /* HomeViewListCell.swift in Sources */,
			);
			runOnlyForDeploymentPostprocessing = 0;
		};
		F91FCBDE28B2A3E700C0B07E /* Sources */ = {
			isa = PBXSourcesBuildPhase;
			buildActionMask = 2147483647;
			files = (
				F91FCBE728B2A3E700C0B07E /* PawsClubTests.swift in Sources */,
			);
			runOnlyForDeploymentPostprocessing = 0;
		};
		F91FCBE828B2A3E700C0B07E /* Sources */ = {
			isa = PBXSourcesBuildPhase;
			buildActionMask = 2147483647;
			files = (
				F91FCBF328B2A3E700C0B07E /* PawsClubUITestsLaunchTests.swift in Sources */,
				F91FCBF128B2A3E700C0B07E /* PawsClubUITests.swift in Sources */,
			);
			runOnlyForDeploymentPostprocessing = 0;
		};
/* End PBXSourcesBuildPhase section */

/* Begin PBXTargetDependency section */
		F91FCBE428B2A3E700C0B07E /* PBXTargetDependency */ = {
			isa = PBXTargetDependency;
			target = F91FCBD128B2A3E700C0B07E /* PawsClub */;
			targetProxy = F91FCBE328B2A3E700C0B07E /* PBXContainerItemProxy */;
		};
		F91FCBEE28B2A3E700C0B07E /* PBXTargetDependency */ = {
			isa = PBXTargetDependency;
			target = F91FCBD128B2A3E700C0B07E /* PawsClub */;
			targetProxy = F91FCBED28B2A3E700C0B07E /* PBXContainerItemProxy */;
		};
/* End PBXTargetDependency section */

/* Begin XCBuildConfiguration section */
		F91FCBF428B2A3E700C0B07E /* Debug */ = {
			isa = XCBuildConfiguration;
			buildSettings = {
				ALWAYS_SEARCH_USER_PATHS = NO;
				CLANG_ANALYZER_NONNULL = YES;
				CLANG_ANALYZER_NUMBER_OBJECT_CONVERSION = YES_AGGRESSIVE;
				CLANG_CXX_LANGUAGE_STANDARD = "gnu++20";
				CLANG_ENABLE_MODULES = YES;
				CLANG_ENABLE_OBJC_ARC = YES;
				CLANG_ENABLE_OBJC_WEAK = YES;
				CLANG_WARN_BLOCK_CAPTURE_AUTORELEASING = YES;
				CLANG_WARN_BOOL_CONVERSION = YES;
				CLANG_WARN_COMMA = YES;
				CLANG_WARN_CONSTANT_CONVERSION = YES;
				CLANG_WARN_DEPRECATED_OBJC_IMPLEMENTATIONS = YES;
				CLANG_WARN_DIRECT_OBJC_ISA_USAGE = YES_ERROR;
				CLANG_WARN_DOCUMENTATION_COMMENTS = YES;
				CLANG_WARN_EMPTY_BODY = YES;
				CLANG_WARN_ENUM_CONVERSION = YES;
				CLANG_WARN_INFINITE_RECURSION = YES;
				CLANG_WARN_INT_CONVERSION = YES;
				CLANG_WARN_NON_LITERAL_NULL_CONVERSION = YES;
				CLANG_WARN_OBJC_IMPLICIT_RETAIN_SELF = YES;
				CLANG_WARN_OBJC_LITERAL_CONVERSION = YES;
				CLANG_WARN_OBJC_ROOT_CLASS = YES_ERROR;
				CLANG_WARN_QUOTED_INCLUDE_IN_FRAMEWORK_HEADER = YES;
				CLANG_WARN_RANGE_LOOP_ANALYSIS = YES;
				CLANG_WARN_STRICT_PROTOTYPES = YES;
				CLANG_WARN_SUSPICIOUS_MOVE = YES;
				CLANG_WARN_UNGUARDED_AVAILABILITY = YES_AGGRESSIVE;
				CLANG_WARN_UNREACHABLE_CODE = YES;
				CLANG_WARN__DUPLICATE_METHOD_MATCH = YES;
				COPY_PHASE_STRIP = NO;
				DEBUG_INFORMATION_FORMAT = dwarf;
				ENABLE_STRICT_OBJC_MSGSEND = YES;
				ENABLE_TESTABILITY = YES;
				GCC_C_LANGUAGE_STANDARD = gnu11;
				GCC_DYNAMIC_NO_PIC = NO;
				GCC_NO_COMMON_BLOCKS = YES;
				GCC_OPTIMIZATION_LEVEL = 0;
				GCC_PREPROCESSOR_DEFINITIONS = (
					"DEBUG=1",
					"$(inherited)",
				);
				GCC_WARN_64_TO_32_BIT_CONVERSION = YES;
				GCC_WARN_ABOUT_RETURN_TYPE = YES_ERROR;
				GCC_WARN_UNDECLARED_SELECTOR = YES;
				GCC_WARN_UNINITIALIZED_AUTOS = YES_AGGRESSIVE;
				GCC_WARN_UNUSED_FUNCTION = YES;
				GCC_WARN_UNUSED_VARIABLE = YES;
				IPHONEOS_DEPLOYMENT_TARGET = 16.0;
				MTL_ENABLE_DEBUG_INFO = INCLUDE_SOURCE;
				MTL_FAST_MATH = YES;
				ONLY_ACTIVE_ARCH = YES;
				SDKROOT = iphoneos;
				SWIFT_ACTIVE_COMPILATION_CONDITIONS = DEBUG;
				SWIFT_OPTIMIZATION_LEVEL = "-Onone";
			};
			name = Debug;
		};
		F91FCBF528B2A3E700C0B07E /* Release */ = {
			isa = XCBuildConfiguration;
			buildSettings = {
				ALWAYS_SEARCH_USER_PATHS = NO;
				CLANG_ANALYZER_NONNULL = YES;
				CLANG_ANALYZER_NUMBER_OBJECT_CONVERSION = YES_AGGRESSIVE;
				CLANG_CXX_LANGUAGE_STANDARD = "gnu++20";
				CLANG_ENABLE_MODULES = YES;
				CLANG_ENABLE_OBJC_ARC = YES;
				CLANG_ENABLE_OBJC_WEAK = YES;
				CLANG_WARN_BLOCK_CAPTURE_AUTORELEASING = YES;
				CLANG_WARN_BOOL_CONVERSION = YES;
				CLANG_WARN_COMMA = YES;
				CLANG_WARN_CONSTANT_CONVERSION = YES;
				CLANG_WARN_DEPRECATED_OBJC_IMPLEMENTATIONS = YES;
				CLANG_WARN_DIRECT_OBJC_ISA_USAGE = YES_ERROR;
				CLANG_WARN_DOCUMENTATION_COMMENTS = YES;
				CLANG_WARN_EMPTY_BODY = YES;
				CLANG_WARN_ENUM_CONVERSION = YES;
				CLANG_WARN_INFINITE_RECURSION = YES;
				CLANG_WARN_INT_CONVERSION = YES;
				CLANG_WARN_NON_LITERAL_NULL_CONVERSION = YES;
				CLANG_WARN_OBJC_IMPLICIT_RETAIN_SELF = YES;
				CLANG_WARN_OBJC_LITERAL_CONVERSION = YES;
				CLANG_WARN_OBJC_ROOT_CLASS = YES_ERROR;
				CLANG_WARN_QUOTED_INCLUDE_IN_FRAMEWORK_HEADER = YES;
				CLANG_WARN_RANGE_LOOP_ANALYSIS = YES;
				CLANG_WARN_STRICT_PROTOTYPES = YES;
				CLANG_WARN_SUSPICIOUS_MOVE = YES;
				CLANG_WARN_UNGUARDED_AVAILABILITY = YES_AGGRESSIVE;
				CLANG_WARN_UNREACHABLE_CODE = YES;
				CLANG_WARN__DUPLICATE_METHOD_MATCH = YES;
				COPY_PHASE_STRIP = NO;
				DEBUG_INFORMATION_FORMAT = "dwarf-with-dsym";
				ENABLE_NS_ASSERTIONS = NO;
				ENABLE_STRICT_OBJC_MSGSEND = YES;
				GCC_C_LANGUAGE_STANDARD = gnu11;
				GCC_NO_COMMON_BLOCKS = YES;
				GCC_WARN_64_TO_32_BIT_CONVERSION = YES;
				GCC_WARN_ABOUT_RETURN_TYPE = YES_ERROR;
				GCC_WARN_UNDECLARED_SELECTOR = YES;
				GCC_WARN_UNINITIALIZED_AUTOS = YES_AGGRESSIVE;
				GCC_WARN_UNUSED_FUNCTION = YES;
				GCC_WARN_UNUSED_VARIABLE = YES;
				IPHONEOS_DEPLOYMENT_TARGET = 16.0;
				MTL_ENABLE_DEBUG_INFO = NO;
				MTL_FAST_MATH = YES;
				SDKROOT = iphoneos;
				SWIFT_COMPILATION_MODE = wholemodule;
				SWIFT_OPTIMIZATION_LEVEL = "-O";
				VALIDATE_PRODUCT = YES;
			};
			name = Release;
		};
		F91FCBF728B2A3E700C0B07E /* Debug */ = {
			isa = XCBuildConfiguration;
			buildSettings = {
				ASSETCATALOG_COMPILER_APPICON_NAME = AppIcon;
				ASSETCATALOG_COMPILER_GLOBAL_ACCENT_COLOR_NAME = AccentColor;
				CODE_SIGN_ENTITLEMENTS = PawsClub/PawsClub.entitlements;
				CODE_SIGN_STYLE = Automatic;
				CURRENT_PROJECT_VERSION = 1;
				DEVELOPMENT_ASSET_PATHS = "\"PawsClub/Preview Content\"";
				DEVELOPMENT_TEAM = 84VVURT5U4;
				ENABLE_PREVIEWS = YES;
				GENERATE_INFOPLIST_FILE = YES;
				INFOPLIST_KEY_NSLocationUsageDescription = "";
				INFOPLIST_KEY_NSLocationWhenInUseUsageDescription = "";
				INFOPLIST_KEY_UIApplicationSceneManifest_Generation = YES;
				INFOPLIST_KEY_UIApplicationSupportsIndirectInputEvents = YES;
				INFOPLIST_KEY_UILaunchScreen_Generation = YES;
				INFOPLIST_KEY_UISupportedInterfaceOrientations = UIInterfaceOrientationPortrait;
				INFOPLIST_KEY_UISupportedInterfaceOrientations_iPad = "UIInterfaceOrientationLandscapeLeft UIInterfaceOrientationLandscapeRight UIInterfaceOrientationPortrait UIInterfaceOrientationPortraitUpsideDown";
				IPHONEOS_DEPLOYMENT_TARGET = 15.0;
				LD_RUNPATH_SEARCH_PATHS = (
					"$(inherited)",
					"@executable_path/Frameworks",
				);
				MARKETING_VERSION = 1.0;
				PRODUCT_BUNDLE_IDENTIFIER = com.ihsanakbay.PawsClub;
				PRODUCT_NAME = "$(TARGET_NAME)";
				SUPPORTED_PLATFORMS = "iphoneos iphonesimulator";
				SUPPORTS_MACCATALYST = NO;
				SUPPORTS_MAC_DESIGNED_FOR_IPHONE_IPAD = NO;
				SWIFT_EMIT_LOC_STRINGS = YES;
				SWIFT_VERSION = 5.0;
				TARGETED_DEVICE_FAMILY = 1;
			};
			name = Debug;
		};
		F91FCBF828B2A3E700C0B07E /* Release */ = {
			isa = XCBuildConfiguration;
			buildSettings = {
				ASSETCATALOG_COMPILER_APPICON_NAME = AppIcon;
				ASSETCATALOG_COMPILER_GLOBAL_ACCENT_COLOR_NAME = AccentColor;
				CODE_SIGN_ENTITLEMENTS = PawsClub/PawsClub.entitlements;
				CODE_SIGN_STYLE = Automatic;
				CURRENT_PROJECT_VERSION = 1;
				DEVELOPMENT_ASSET_PATHS = "\"PawsClub/Preview Content\"";
				DEVELOPMENT_TEAM = 84VVURT5U4;
				ENABLE_PREVIEWS = YES;
				GENERATE_INFOPLIST_FILE = YES;
				INFOPLIST_KEY_NSLocationUsageDescription = "";
				INFOPLIST_KEY_NSLocationWhenInUseUsageDescription = "";
				INFOPLIST_KEY_UIApplicationSceneManifest_Generation = YES;
				INFOPLIST_KEY_UIApplicationSupportsIndirectInputEvents = YES;
				INFOPLIST_KEY_UILaunchScreen_Generation = YES;
				INFOPLIST_KEY_UISupportedInterfaceOrientations = UIInterfaceOrientationPortrait;
				INFOPLIST_KEY_UISupportedInterfaceOrientations_iPad = "UIInterfaceOrientationLandscapeLeft UIInterfaceOrientationLandscapeRight UIInterfaceOrientationPortrait UIInterfaceOrientationPortraitUpsideDown";
				IPHONEOS_DEPLOYMENT_TARGET = 15.0;
				LD_RUNPATH_SEARCH_PATHS = (
					"$(inherited)",
					"@executable_path/Frameworks",
				);
				MARKETING_VERSION = 1.0;
				PRODUCT_BUNDLE_IDENTIFIER = com.ihsanakbay.PawsClub;
				PRODUCT_NAME = "$(TARGET_NAME)";
				SUPPORTED_PLATFORMS = "iphoneos iphonesimulator";
				SUPPORTS_MACCATALYST = NO;
				SUPPORTS_MAC_DESIGNED_FOR_IPHONE_IPAD = NO;
				SWIFT_EMIT_LOC_STRINGS = YES;
				SWIFT_VERSION = 5.0;
				TARGETED_DEVICE_FAMILY = 1;
			};
			name = Release;
		};
		F91FCBFA28B2A3E700C0B07E /* Debug */ = {
			isa = XCBuildConfiguration;
			buildSettings = {
				ALWAYS_EMBED_SWIFT_STANDARD_LIBRARIES = YES;
				BUNDLE_LOADER = "$(TEST_HOST)";
				CODE_SIGN_STYLE = Automatic;
				CURRENT_PROJECT_VERSION = 1;
				DEVELOPMENT_TEAM = 84VVURT5U4;
				GENERATE_INFOPLIST_FILE = YES;
				IPHONEOS_DEPLOYMENT_TARGET = 16.0;
				MARKETING_VERSION = 1.0;
				PRODUCT_BUNDLE_IDENTIFIER = com.ihsanakbay.PawsClubTests;
				PRODUCT_NAME = "$(TARGET_NAME)";
				SWIFT_EMIT_LOC_STRINGS = NO;
				SWIFT_VERSION = 5.0;
				TARGETED_DEVICE_FAMILY = "1,2";
				TEST_HOST = "$(BUILT_PRODUCTS_DIR)/PawsClub.app/$(BUNDLE_EXECUTABLE_FOLDER_PATH)/PawsClub";
			};
			name = Debug;
		};
		F91FCBFB28B2A3E700C0B07E /* Release */ = {
			isa = XCBuildConfiguration;
			buildSettings = {
				ALWAYS_EMBED_SWIFT_STANDARD_LIBRARIES = YES;
				BUNDLE_LOADER = "$(TEST_HOST)";
				CODE_SIGN_STYLE = Automatic;
				CURRENT_PROJECT_VERSION = 1;
				DEVELOPMENT_TEAM = 84VVURT5U4;
				GENERATE_INFOPLIST_FILE = YES;
				IPHONEOS_DEPLOYMENT_TARGET = 16.0;
				MARKETING_VERSION = 1.0;
				PRODUCT_BUNDLE_IDENTIFIER = com.ihsanakbay.PawsClubTests;
				PRODUCT_NAME = "$(TARGET_NAME)";
				SWIFT_EMIT_LOC_STRINGS = NO;
				SWIFT_VERSION = 5.0;
				TARGETED_DEVICE_FAMILY = "1,2";
				TEST_HOST = "$(BUILT_PRODUCTS_DIR)/PawsClub.app/$(BUNDLE_EXECUTABLE_FOLDER_PATH)/PawsClub";
			};
			name = Release;
		};
		F91FCBFD28B2A3E700C0B07E /* Debug */ = {
			isa = XCBuildConfiguration;
			buildSettings = {
				ALWAYS_EMBED_SWIFT_STANDARD_LIBRARIES = YES;
				CODE_SIGN_STYLE = Automatic;
				CURRENT_PROJECT_VERSION = 1;
				DEVELOPMENT_TEAM = 84VVURT5U4;
				GENERATE_INFOPLIST_FILE = YES;
				MARKETING_VERSION = 1.0;
				PRODUCT_BUNDLE_IDENTIFIER = com.ihsanakbay.PawsClubUITests;
				PRODUCT_NAME = "$(TARGET_NAME)";
				SWIFT_EMIT_LOC_STRINGS = NO;
				SWIFT_VERSION = 5.0;
				TARGETED_DEVICE_FAMILY = "1,2";
				TEST_TARGET_NAME = PawsClub;
			};
			name = Debug;
		};
		F91FCBFE28B2A3E700C0B07E /* Release */ = {
			isa = XCBuildConfiguration;
			buildSettings = {
				ALWAYS_EMBED_SWIFT_STANDARD_LIBRARIES = YES;
				CODE_SIGN_STYLE = Automatic;
				CURRENT_PROJECT_VERSION = 1;
				DEVELOPMENT_TEAM = 84VVURT5U4;
				GENERATE_INFOPLIST_FILE = YES;
				MARKETING_VERSION = 1.0;
				PRODUCT_BUNDLE_IDENTIFIER = com.ihsanakbay.PawsClubUITests;
				PRODUCT_NAME = "$(TARGET_NAME)";
				SWIFT_EMIT_LOC_STRINGS = NO;
				SWIFT_VERSION = 5.0;
				TARGETED_DEVICE_FAMILY = "1,2";
				TEST_TARGET_NAME = PawsClub;
			};
			name = Release;
		};
/* End XCBuildConfiguration section */

/* Begin XCConfigurationList section */
		F91FCBCD28B2A3E600C0B07E /* Build configuration list for PBXProject "PawsClub" */ = {
			isa = XCConfigurationList;
			buildConfigurations = (
				F91FCBF428B2A3E700C0B07E /* Debug */,
				F91FCBF528B2A3E700C0B07E /* Release */,
			);
			defaultConfigurationIsVisible = 0;
			defaultConfigurationName = Release;
		};
		F91FCBF628B2A3E700C0B07E /* Build configuration list for PBXNativeTarget "PawsClub" */ = {
			isa = XCConfigurationList;
			buildConfigurations = (
				F91FCBF728B2A3E700C0B07E /* Debug */,
				F91FCBF828B2A3E700C0B07E /* Release */,
			);
			defaultConfigurationIsVisible = 0;
			defaultConfigurationName = Release;
		};
		F91FCBF928B2A3E700C0B07E /* Build configuration list for PBXNativeTarget "PawsClubTests" */ = {
			isa = XCConfigurationList;
			buildConfigurations = (
				F91FCBFA28B2A3E700C0B07E /* Debug */,
				F91FCBFB28B2A3E700C0B07E /* Release */,
			);
			defaultConfigurationIsVisible = 0;
			defaultConfigurationName = Release;
		};
		F91FCBFC28B2A3E700C0B07E /* Build configuration list for PBXNativeTarget "PawsClubUITests" */ = {
			isa = XCConfigurationList;
			buildConfigurations = (
				F91FCBFD28B2A3E700C0B07E /* Debug */,
				F91FCBFE28B2A3E700C0B07E /* Release */,
			);
			defaultConfigurationIsVisible = 0;
			defaultConfigurationName = Release;
		};
/* End XCConfigurationList section */

/* Begin XCRemoteSwiftPackageReference section */
		F91FCC2728B2BE9F00C0B07E /* XCRemoteSwiftPackageReference "Kingfisher" */ = {
			isa = XCRemoteSwiftPackageReference;
			repositoryURL = "https://github.com/onevcat/Kingfisher.git";
			requirement = {
				kind = upToNextMinorVersion;
				minimumVersion = 7.3.0;
			};
		};
		F91FCC3B28B2CE6800C0B07E /* XCRemoteSwiftPackageReference "firebase-ios-sdk" */ = {
			isa = XCRemoteSwiftPackageReference;
			repositoryURL = "https://github.com/firebase/firebase-ios-sdk.git";
			requirement = {
				kind = upToNextMinorVersion;
				minimumVersion = 9.4.0;
			};
		};
/* End XCRemoteSwiftPackageReference section */

/* Begin XCSwiftPackageProductDependency section */
		F91FCC2828B2BE9F00C0B07E /* Kingfisher */ = {
			isa = XCSwiftPackageProductDependency;
			package = F91FCC2728B2BE9F00C0B07E /* XCRemoteSwiftPackageReference "Kingfisher" */;
			productName = Kingfisher;
		};
		F91FCC3C28B2CE6800C0B07E /* FirebaseAuth */ = {
			isa = XCSwiftPackageProductDependency;
			package = F91FCC3B28B2CE6800C0B07E /* XCRemoteSwiftPackageReference "firebase-ios-sdk" */;
			productName = FirebaseAuth;
		};
		F91FCC3E28B2CE6800C0B07E /* FirebaseFirestore */ = {
			isa = XCSwiftPackageProductDependency;
			package = F91FCC3B28B2CE6800C0B07E /* XCRemoteSwiftPackageReference "firebase-ios-sdk" */;
			productName = FirebaseFirestore;
		};
		F91FCC4028B2CE6800C0B07E /* FirebaseFirestoreSwift */ = {
			isa = XCSwiftPackageProductDependency;
			package = F91FCC3B28B2CE6800C0B07E /* XCRemoteSwiftPackageReference "firebase-ios-sdk" */;
			productName = FirebaseFirestoreSwift;
		};
		F91FCC4228B2CE6800C0B07E /* FirebaseStorage */ = {
			isa = XCSwiftPackageProductDependency;
			package = F91FCC3B28B2CE6800C0B07E /* XCRemoteSwiftPackageReference "firebase-ios-sdk" */;
			productName = FirebaseStorage;
		};
/* End XCSwiftPackageProductDependency section */
	};
	rootObject = F91FCBCA28B2A3E600C0B07E /* Project object */;
}
